
Microsoft Visual Studio Solution File, Format Version 12.00
# Visual Studio Version 17
VisualStudioVersion = 17.0.32014.148
MinimumVisualStudioVersion = 10.0.40219.1
Project("{FAE04EC0-301F-11D3-BF4B-00C04F79EFBC}") = "Airlines_App", "Airlines_App.csproj", "{09953898-CBCC-4474-943F-6EA6F39980D5}"
EndProject
Project("{FAE04EC0-301F-11D3-BF4B-00C04F79EFBC}") = "appWpfFirst", "..\..\WPF\appWpfFirst\appWpfFirst.csproj", "{24C65A5E-163D-4ABC-9F68-8AA02ACE1804}"
EndProject
Project("{FAE04EC0-301F-11D3-BF4B-00C04F79EFBC}") = "Assessment_6", "..\Assessment_6\Assessment_6.csproj", "{BE8BCD6A-4011-408D-AED9-5458ED4DA51B}"
EndProject
Global
	GlobalSection(SolutionConfigurationPlatforms) = preSolution
		Debug|Any CPU = Debug|Any CPU
		Release|Any CPU = Release|Any CPU
	EndGlobalSection
	GlobalSection(ProjectConfigurationPlatforms) = postSolution
		{09953898-CBCC-4474-943F-6EA6F39980D5}.Debug|Any CPU.ActiveCfg = Debug|Any CPU
		{09953898-CBCC-4474-943F-6EA6F39980D5}.Debug|Any CPU.Build.0 = Debug|Any CPU
		{09953898-CBCC-4474-943F-6EA6F39980D5}.Release|Any CPU.ActiveCfg = Release|Any CPU
		{09953898-CBCC-4474-943F-6EA6F39980D5}.Release|Any CPU.Build.0 = Release|Any CPU
		{24C65A5E-163D-4ABC-9F68-8AA02ACE1804}.Debug|Any CPU.ActiveCfg = Debug|Any CPU
		{24C65A5E-163D-4ABC-9F68-8AA02ACE1804}.Debug|Any CPU.Build.0 = Debug|Any CPU
		{24C65A5E-163D-4ABC-9F68-8AA02ACE1804}.Release|Any CPU.ActiveCfg = Release|Any CPU
		{24C65A5E-163D-4ABC-9F68-8AA02ACE1804}.Release|Any CPU.Build.0 = Release|Any CPU
		{BE8BCD6A-4011-408D-AED9-5458ED4DA51B}.Debug|Any CPU.ActiveCfg = Debug|Any CPU
		{BE8BCD6A-4011-408D-AED9-5458ED4DA51B}.Debug|Any CPU.Build.0 = Debug|Any CPU
		{BE8BCD6A-4011-408D-AED9-5458ED4DA51B}.Release|Any CPU.ActiveCfg = Release|Any CPU
		{BE8BCD6A-4011-408D-AED9-5458ED4DA51B}.Release|Any CPU.Build.0 = Release|Any CPU
	EndGlobalSection
	GlobalSection(SolutionProperties) = preSolution
		HideSolutionNode = FALSE
	EndGlobalSection
	GlobalSection(ExtensibilityGlobals) = postSolution
		SolutionGuid = {AE4D050D-D5E0-4D98-A8E7-507B76930BA2}
	EndGlobalSection
EndGlobal
